
Microsoft Visual Studio Solution File, Format Version 12.00
# Visual Studio Version 17
VisualStudioVersion = 17.11.35303.130
MinimumVisualStudioVersion = 10.0.40219.1
Project("{FAE04EC0-301F-11D3-BF4B-00C04F79EFBC}") = "260105_project4", "260105_project4\260105_project4.csproj", "{2D1F37B4-27D1-4CAA-95F9-3A3F49166036}"
EndProject
Global
	GlobalSection(SolutionConfigurationPlatforms) = preSolution
		Debug|Any CPU = Debug|Any CPU
		Release|Any CPU = Release|Any CPU
	EndGlobalSection
	GlobalSection(ProjectConfigurationPlatforms) = postSolution
		{2D1F37B4-27D1-4CAA-95F9-3A3F49166036}.Debug|Any CPU.ActiveCfg = Debug|Any CPU
		{2D1F37B4-27D1-4CAA-95F9-3A3F49166036}.Debug|Any CPU.Build.0 = Debug|Any CPU
		{2D1F37B4-27D1-4CAA-95F9-3A3F49166036}.Release|Any CPU.ActiveCfg = Release|Any CPU
		{2D1F37B4-27D1-4CAA-95F9-3A3F49166036}.Release|Any CPU.Build.0 = Release|Any CPU
	EndGlobalSection
	GlobalSection(SolutionProperties) = preSolution
		HideSolutionNode = FALSE
	EndGlobalSection
	GlobalSection(ExtensibilityGlobals) = postSolution
		SolutionGuid = {E95A713F-AEB2-47A0-AC0A-D530174BB946}
	EndGlobalSection
EndGlobal
