
Microsoft Visual Studio Solution File, Format Version 12.00
# Visual Studio Version 17
VisualStudioVersion = 17.11.35303.130
MinimumVisualStudioVersion = 10.0.40219.1
Project("{FAE04EC0-301F-11D3-BF4B-00C04F79EFBC}") = "260107_project2", "260107_project2\260107_project2.csproj", "{587E7B77-8C0C-4F18-AAD0-566E23AAB130}"
EndProject
Global
	GlobalSection(SolutionConfigurationPlatforms) = preSolution
		Debug|Any CPU = Debug|Any CPU
		Release|Any CPU = Release|Any CPU
	EndGlobalSection
	GlobalSection(ProjectConfigurationPlatforms) = postSolution
		{587E7B77-8C0C-4F18-AAD0-566E23AAB130}.Debug|Any CPU.ActiveCfg = Debug|Any CPU
		{587E7B77-8C0C-4F18-AAD0-566E23AAB130}.Debug|Any CPU.Build.0 = Debug|Any CPU
		{587E7B77-8C0C-4F18-AAD0-566E23AAB130}.Release|Any CPU.ActiveCfg = Release|Any CPU
		{587E7B77-8C0C-4F18-AAD0-566E23AAB130}.Release|Any CPU.Build.0 = Release|Any CPU
	EndGlobalSection
	GlobalSection(SolutionProperties) = preSolution
		HideSolutionNode = FALSE
	EndGlobalSection
	GlobalSection(ExtensibilityGlobals) = postSolution
		SolutionGuid = {85D04596-489B-4019-8B0E-7EAB38C6F273}
	EndGlobalSection
EndGlobal
