
Microsoft Visual Studio Solution File, Format Version 12.00
# Visual Studio Version 17
VisualStudioVersion = 17.11.35303.130
MinimumVisualStudioVersion = 10.0.40219.1
Project("{FAE04EC0-301F-11D3-BF4B-00C04F79EFBC}") = "260105_project3", "260105_project3\260105_project3.csproj", "{81FF28B7-FCA4-48FD-A6C3-D6F486CB14DC}"
EndProject
Global
	GlobalSection(SolutionConfigurationPlatforms) = preSolution
		Debug|Any CPU = Debug|Any CPU
		Release|Any CPU = Release|Any CPU
	EndGlobalSection
	GlobalSection(ProjectConfigurationPlatforms) = postSolution
		{81FF28B7-FCA4-48FD-A6C3-D6F486CB14DC}.Debug|Any CPU.ActiveCfg = Debug|Any CPU
		{81FF28B7-FCA4-48FD-A6C3-D6F486CB14DC}.Debug|Any CPU.Build.0 = Debug|Any CPU
		{81FF28B7-FCA4-48FD-A6C3-D6F486CB14DC}.Release|Any CPU.ActiveCfg = Release|Any CPU
		{81FF28B7-FCA4-48FD-A6C3-D6F486CB14DC}.Release|Any CPU.Build.0 = Release|Any CPU
	EndGlobalSection
	GlobalSection(SolutionProperties) = preSolution
		HideSolutionNode = FALSE
	EndGlobalSection
	GlobalSection(ExtensibilityGlobals) = postSolution
		SolutionGuid = {EF31D54B-E3DC-41A6-8D53-3C7117AE169D}
	EndGlobalSection
EndGlobal
