
Microsoft Visual Studio Solution File, Format Version 12.00
# Visual Studio Version 17
VisualStudioVersion = 17.11.35303.130
MinimumVisualStudioVersion = 10.0.40219.1
Project("{FAE04EC0-301F-11D3-BF4B-00C04F79EFBC}") = "260109_project5", "260109_project5\260109_project5.csproj", "{7631578B-C56A-4D6E-B677-24668D7D596D}"
EndProject
Global
	GlobalSection(SolutionConfigurationPlatforms) = preSolution
		Debug|Any CPU = Debug|Any CPU
		Release|Any CPU = Release|Any CPU
	EndGlobalSection
	GlobalSection(ProjectConfigurationPlatforms) = postSolution
		{7631578B-C56A-4D6E-B677-24668D7D596D}.Debug|Any CPU.ActiveCfg = Debug|Any CPU
		{7631578B-C56A-4D6E-B677-24668D7D596D}.Debug|Any CPU.Build.0 = Debug|Any CPU
		{7631578B-C56A-4D6E-B677-24668D7D596D}.Release|Any CPU.ActiveCfg = Release|Any CPU
		{7631578B-C56A-4D6E-B677-24668D7D596D}.Release|Any CPU.Build.0 = Release|Any CPU
	EndGlobalSection
	GlobalSection(SolutionProperties) = preSolution
		HideSolutionNode = FALSE
	EndGlobalSection
	GlobalSection(ExtensibilityGlobals) = postSolution
		SolutionGuid = {C02EBD4E-02A2-4E63-95ED-5B8C70B81DE9}
	EndGlobalSection
EndGlobal
