
Microsoft Visual Studio Solution File, Format Version 12.00
# Visual Studio Version 17
VisualStudioVersion = 17.11.35303.130
MinimumVisualStudioVersion = 10.0.40219.1
Project("{FAE04EC0-301F-11D3-BF4B-00C04F79EFBC}") = "260113_project4", "260113_project4\260113_project4.csproj", "{6E6AAAED-68A5-435A-A2A9-709ED4FEC76F}"
EndProject
Global
	GlobalSection(SolutionConfigurationPlatforms) = preSolution
		Debug|Any CPU = Debug|Any CPU
		Release|Any CPU = Release|Any CPU
	EndGlobalSection
	GlobalSection(ProjectConfigurationPlatforms) = postSolution
		{6E6AAAED-68A5-435A-A2A9-709ED4FEC76F}.Debug|Any CPU.ActiveCfg = Debug|Any CPU
		{6E6AAAED-68A5-435A-A2A9-709ED4FEC76F}.Debug|Any CPU.Build.0 = Debug|Any CPU
		{6E6AAAED-68A5-435A-A2A9-709ED4FEC76F}.Release|Any CPU.ActiveCfg = Release|Any CPU
		{6E6AAAED-68A5-435A-A2A9-709ED4FEC76F}.Release|Any CPU.Build.0 = Release|Any CPU
	EndGlobalSection
	GlobalSection(SolutionProperties) = preSolution
		HideSolutionNode = FALSE
	EndGlobalSection
	GlobalSection(ExtensibilityGlobals) = postSolution
		SolutionGuid = {77022077-8A36-49B1-BB81-102BB81F6FF7}
	EndGlobalSection
EndGlobal
