
Microsoft Visual Studio Solution File, Format Version 12.00
# Visual Studio Version 17
VisualStudioVersion = 17.11.35303.130
MinimumVisualStudioVersion = 10.0.40219.1
Project("{FAE04EC0-301F-11D3-BF4B-00C04F79EFBC}") = "260107_project1", "260107_project1\260107_project1.csproj", "{EEB710F2-1251-4B01-A7C0-F4CFDFE89227}"
EndProject
Global
	GlobalSection(SolutionConfigurationPlatforms) = preSolution
		Debug|Any CPU = Debug|Any CPU
		Release|Any CPU = Release|Any CPU
	EndGlobalSection
	GlobalSection(ProjectConfigurationPlatforms) = postSolution
		{EEB710F2-1251-4B01-A7C0-F4CFDFE89227}.Debug|Any CPU.ActiveCfg = Debug|Any CPU
		{EEB710F2-1251-4B01-A7C0-F4CFDFE89227}.Debug|Any CPU.Build.0 = Debug|Any CPU
		{EEB710F2-1251-4B01-A7C0-F4CFDFE89227}.Release|Any CPU.ActiveCfg = Release|Any CPU
		{EEB710F2-1251-4B01-A7C0-F4CFDFE89227}.Release|Any CPU.Build.0 = Release|Any CPU
	EndGlobalSection
	GlobalSection(SolutionProperties) = preSolution
		HideSolutionNode = FALSE
	EndGlobalSection
	GlobalSection(ExtensibilityGlobals) = postSolution
		SolutionGuid = {20A168BC-79B6-4FF0-BEDA-55AB427DFCCB}
	EndGlobalSection
EndGlobal
