
Microsoft Visual Studio Solution File, Format Version 12.00
# Visual Studio Version 17
VisualStudioVersion = 17.11.35303.130
MinimumVisualStudioVersion = 10.0.40219.1
Project("{FAE04EC0-301F-11D3-BF4B-00C04F79EFBC}") = "260109_project1", "260109_project1\260109_project1.csproj", "{9963076C-47E7-46BA-A323-C9E964169A64}"
EndProject
Global
	GlobalSection(SolutionConfigurationPlatforms) = preSolution
		Debug|Any CPU = Debug|Any CPU
		Release|Any CPU = Release|Any CPU
	EndGlobalSection
	GlobalSection(ProjectConfigurationPlatforms) = postSolution
		{9963076C-47E7-46BA-A323-C9E964169A64}.Debug|Any CPU.ActiveCfg = Debug|Any CPU
		{9963076C-47E7-46BA-A323-C9E964169A64}.Debug|Any CPU.Build.0 = Debug|Any CPU
		{9963076C-47E7-46BA-A323-C9E964169A64}.Release|Any CPU.ActiveCfg = Release|Any CPU
		{9963076C-47E7-46BA-A323-C9E964169A64}.Release|Any CPU.Build.0 = Release|Any CPU
	EndGlobalSection
	GlobalSection(SolutionProperties) = preSolution
		HideSolutionNode = FALSE
	EndGlobalSection
	GlobalSection(ExtensibilityGlobals) = postSolution
		SolutionGuid = {C0E81D4A-6EC9-4B1E-B596-DB3DEC3C7397}
	EndGlobalSection
EndGlobal
