
Microsoft Visual Studio Solution File, Format Version 12.00
# Visual Studio Version 17
VisualStudioVersion = 17.11.35303.130
MinimumVisualStudioVersion = 10.0.40219.1
Project("{FAE04EC0-301F-11D3-BF4B-00C04F79EFBC}") = "260114_project2", "260114_project2\260114_project2.csproj", "{69292256-BBE6-407A-83BA-4E1EACA91B54}"
EndProject
Global
	GlobalSection(SolutionConfigurationPlatforms) = preSolution
		Debug|Any CPU = Debug|Any CPU
		Release|Any CPU = Release|Any CPU
	EndGlobalSection
	GlobalSection(ProjectConfigurationPlatforms) = postSolution
		{69292256-BBE6-407A-83BA-4E1EACA91B54}.Debug|Any CPU.ActiveCfg = Debug|Any CPU
		{69292256-BBE6-407A-83BA-4E1EACA91B54}.Debug|Any CPU.Build.0 = Debug|Any CPU
		{69292256-BBE6-407A-83BA-4E1EACA91B54}.Release|Any CPU.ActiveCfg = Release|Any CPU
		{69292256-BBE6-407A-83BA-4E1EACA91B54}.Release|Any CPU.Build.0 = Release|Any CPU
	EndGlobalSection
	GlobalSection(SolutionProperties) = preSolution
		HideSolutionNode = FALSE
	EndGlobalSection
	GlobalSection(ExtensibilityGlobals) = postSolution
		SolutionGuid = {76234CFC-37F0-4777-9579-81240A358369}
	EndGlobalSection
EndGlobal
