
Microsoft Visual Studio Solution File, Format Version 12.00
# Visual Studio Version 17
VisualStudioVersion = 17.11.35303.130
MinimumVisualStudioVersion = 10.0.40219.1
Project("{FAE04EC0-301F-11D3-BF4B-00C04F79EFBC}") = "251231_project2", "251231_project2\251231_project2.csproj", "{959CDA40-86F3-4504-B4BF-A62054D4BD67}"
EndProject
Global
	GlobalSection(SolutionConfigurationPlatforms) = preSolution
		Debug|Any CPU = Debug|Any CPU
		Release|Any CPU = Release|Any CPU
	EndGlobalSection
	GlobalSection(ProjectConfigurationPlatforms) = postSolution
		{959CDA40-86F3-4504-B4BF-A62054D4BD67}.Debug|Any CPU.ActiveCfg = Debug|Any CPU
		{959CDA40-86F3-4504-B4BF-A62054D4BD67}.Debug|Any CPU.Build.0 = Debug|Any CPU
		{959CDA40-86F3-4504-B4BF-A62054D4BD67}.Release|Any CPU.ActiveCfg = Release|Any CPU
		{959CDA40-86F3-4504-B4BF-A62054D4BD67}.Release|Any CPU.Build.0 = Release|Any CPU
	EndGlobalSection
	GlobalSection(SolutionProperties) = preSolution
		HideSolutionNode = FALSE
	EndGlobalSection
	GlobalSection(ExtensibilityGlobals) = postSolution
		SolutionGuid = {F2F41339-30E5-4FB8-AE47-3E909D4D408C}
	EndGlobalSection
EndGlobal
