
Microsoft Visual Studio Solution File, Format Version 12.00
# Visual Studio Version 17
VisualStudioVersion = 17.11.35303.130
MinimumVisualStudioVersion = 10.0.40219.1
Project("{FAE04EC0-301F-11D3-BF4B-00C04F79EFBC}") = "260114_project4", "260114_project4\260114_project4.csproj", "{EB6822B2-40B8-4D6C-8F77-AC1FD77715C9}"
EndProject
Global
	GlobalSection(SolutionConfigurationPlatforms) = preSolution
		Debug|Any CPU = Debug|Any CPU
		Release|Any CPU = Release|Any CPU
	EndGlobalSection
	GlobalSection(ProjectConfigurationPlatforms) = postSolution
		{EB6822B2-40B8-4D6C-8F77-AC1FD77715C9}.Debug|Any CPU.ActiveCfg = Debug|Any CPU
		{EB6822B2-40B8-4D6C-8F77-AC1FD77715C9}.Debug|Any CPU.Build.0 = Debug|Any CPU
		{EB6822B2-40B8-4D6C-8F77-AC1FD77715C9}.Release|Any CPU.ActiveCfg = Release|Any CPU
		{EB6822B2-40B8-4D6C-8F77-AC1FD77715C9}.Release|Any CPU.Build.0 = Release|Any CPU
	EndGlobalSection
	GlobalSection(SolutionProperties) = preSolution
		HideSolutionNode = FALSE
	EndGlobalSection
	GlobalSection(ExtensibilityGlobals) = postSolution
		SolutionGuid = {F9A87A3B-D551-4E6D-8193-F624EE259232}
	EndGlobalSection
EndGlobal
