
Microsoft Visual Studio Solution File, Format Version 12.00
# Visual Studio Version 17
VisualStudioVersion = 17.11.35303.130
MinimumVisualStudioVersion = 10.0.40219.1
Project("{FAE04EC0-301F-11D3-BF4B-00C04F79EFBC}") = "260108_project2", "260108_project2\260108_project2.csproj", "{5B9BF9CA-A95C-42B9-AF33-DF61AFEA5894}"
EndProject
Global
	GlobalSection(SolutionConfigurationPlatforms) = preSolution
		Debug|Any CPU = Debug|Any CPU
		Release|Any CPU = Release|Any CPU
	EndGlobalSection
	GlobalSection(ProjectConfigurationPlatforms) = postSolution
		{5B9BF9CA-A95C-42B9-AF33-DF61AFEA5894}.Debug|Any CPU.ActiveCfg = Debug|Any CPU
		{5B9BF9CA-A95C-42B9-AF33-DF61AFEA5894}.Debug|Any CPU.Build.0 = Debug|Any CPU
		{5B9BF9CA-A95C-42B9-AF33-DF61AFEA5894}.Release|Any CPU.ActiveCfg = Release|Any CPU
		{5B9BF9CA-A95C-42B9-AF33-DF61AFEA5894}.Release|Any CPU.Build.0 = Release|Any CPU
	EndGlobalSection
	GlobalSection(SolutionProperties) = preSolution
		HideSolutionNode = FALSE
	EndGlobalSection
	GlobalSection(ExtensibilityGlobals) = postSolution
		SolutionGuid = {97B12F8B-1BBF-4E74-9262-E7D9A25EDD01}
	EndGlobalSection
EndGlobal
