
Microsoft Visual Studio Solution File, Format Version 12.00
# Visual Studio Version 17
VisualStudioVersion = 17.11.35303.130
MinimumVisualStudioVersion = 10.0.40219.1
Project("{FAE04EC0-301F-11D3-BF4B-00C04F79EFBC}") = "250113_project5", "250113_project5\250113_project5.csproj", "{66A4AA90-8DF8-496C-91CF-ECBF34660003}"
EndProject
Global
	GlobalSection(SolutionConfigurationPlatforms) = preSolution
		Debug|Any CPU = Debug|Any CPU
		Release|Any CPU = Release|Any CPU
	EndGlobalSection
	GlobalSection(ProjectConfigurationPlatforms) = postSolution
		{66A4AA90-8DF8-496C-91CF-ECBF34660003}.Debug|Any CPU.ActiveCfg = Debug|Any CPU
		{66A4AA90-8DF8-496C-91CF-ECBF34660003}.Debug|Any CPU.Build.0 = Debug|Any CPU
		{66A4AA90-8DF8-496C-91CF-ECBF34660003}.Release|Any CPU.ActiveCfg = Release|Any CPU
		{66A4AA90-8DF8-496C-91CF-ECBF34660003}.Release|Any CPU.Build.0 = Release|Any CPU
	EndGlobalSection
	GlobalSection(SolutionProperties) = preSolution
		HideSolutionNode = FALSE
	EndGlobalSection
	GlobalSection(ExtensibilityGlobals) = postSolution
		SolutionGuid = {F97E1EFE-C8E6-49DC-9EEB-311E17F3ADA7}
	EndGlobalSection
EndGlobal
